
Microsoft Visual Studio Solution File, Format Version 12.00
# Visual Studio 2012
Project("{FAE04EC0-301F-11D3-BF4B-00C04F79EFBC}") = "LilSnippersReports_TEST", "LilSnippersReports_TEST\LilSnippersReports_TEST.csproj", "{2672B4D3-1303-45FE-865C-8EDB7D33B969}"
EndProject
Global
	GlobalSection(SolutionConfigurationPlatforms) = preSolution
		Debug|Any CPU = Debug|Any CPU
		Release|Any CPU = Release|Any CPU
	EndGlobalSection
	GlobalSection(ProjectConfigurationPlatforms) = postSolution
		{2672B4D3-1303-45FE-865C-8EDB7D33B969}.Debug|Any CPU.ActiveCfg = Debug|Any CPU
		{2672B4D3-1303-45FE-865C-8EDB7D33B969}.Debug|Any CPU.Build.0 = Debug|Any CPU
		{2672B4D3-1303-45FE-865C-8EDB7D33B969}.Release|Any CPU.ActiveCfg = Release|Any CPU
		{2672B4D3-1303-45FE-865C-8EDB7D33B969}.Release|Any CPU.Build.0 = Release|Any CPU
	EndGlobalSection
	GlobalSection(SolutionProperties) = preSolution
		HideSolutionNode = FALSE
	EndGlobalSection
EndGlobal
